
Microsoft Visual Studio Solution File, Format Version 12.00
# Visual Studio Version 17
VisualStudioVersion = 17.11.35219.272
MinimumVisualStudioVersion = 10.0.40219.1
Project("{2150E333-8FDC-42A3-9474-1A3956D46DE8}") = "1_WORKERSERVICE", "1_WORKERSERVICE", "{4B2A2C8A-21BF-4B68-8A21-B662249E9C41}"
EndProject
Project("{2150E333-8FDC-42A3-9474-1A3956D46DE8}") = "2_TEST", "2_TEST", "{18B0E958-DF57-4B56-AF1B-B113113D964B}"
EndProject
Project("{2150E333-8FDC-42A3-9474-1A3956D46DE8}") = "3_DATABASE", "3_DATABASE", "{ACB30679-EE85-4C72-AA39-A8C08CD20930}"
EndProject
Project("{00D1A9C2-B5F0-4AF3-8072-F6C62B433612}") = "INVESTIMENTO.RENDAFIXA.SQL", "INVESTIMENTO.RENDAFIXA.SQL\INVESTIMENTO.RENDAFIXA.SQL.sqlproj", "{DB73BFFE-F803-477D-A800-475EBC9F8F0A}"
EndProject
Project("{9A19103F-16F7-4668-BE54-9A1E7A4F7556}") = "INVESTIMENTO.RENDAFIXA.TEST", "INVESTIMENTO.RENDAFIXA.TEST\INVESTIMENTO.RENDAFIXA.TEST.csproj", "{38B4F9A5-8A70-4A5A-BC07-D589112A8870}"
EndProject
Project("{9A19103F-16F7-4668-BE54-9A1E7A4F7556}") = "INVESTIMENTO.RENDAFIXA.CRONJOB", "INVESTIMENTO.RENDAFIXA.CRONJOB\INVESTIMENTO.RENDAFIXA.CRONJOB.csproj", "{EE04443B-8FF6-4D4D-BB42-4BBA4F7EC949}"
EndProject
Project("{9A19103F-16F7-4668-BE54-9A1E7A4F7556}") = "INVESTIMENTO.RENDAFIXA.DOMAIN", "INVESTIMENTO.RENDAFIXA.DOMAIN\INVESTIMENTO.RENDAFIXA.DOMAIN.csproj", "{62D59A08-F323-4B1A-8CE9-D1E5675A1D3F}"
EndProject
Project("{9A19103F-16F7-4668-BE54-9A1E7A4F7556}") = "INVESTIMENTO.RENDAFIXA.INFRASTRUCTURE", "INVESTIMENTO.RENDAFIXA.INFRASTRUCTURE\INVESTIMENTO.RENDAFIXA.INFRASTRUCTURE.csproj", "{05332BCF-C1C5-4203-9642-96709DEEE05B}"
EndProject
Global
	GlobalSection(SolutionConfigurationPlatforms) = preSolution
		Debug|Any CPU = Debug|Any CPU
		Release|Any CPU = Release|Any CPU
	EndGlobalSection
	GlobalSection(ProjectConfigurationPlatforms) = postSolution
		{DB73BFFE-F803-477D-A800-475EBC9F8F0A}.Debug|Any CPU.ActiveCfg = Debug|Any CPU
		{DB73BFFE-F803-477D-A800-475EBC9F8F0A}.Debug|Any CPU.Build.0 = Debug|Any CPU
		{DB73BFFE-F803-477D-A800-475EBC9F8F0A}.Debug|Any CPU.Deploy.0 = Debug|Any CPU
		{DB73BFFE-F803-477D-A800-475EBC9F8F0A}.Release|Any CPU.ActiveCfg = Release|Any CPU
		{DB73BFFE-F803-477D-A800-475EBC9F8F0A}.Release|Any CPU.Build.0 = Release|Any CPU
		{DB73BFFE-F803-477D-A800-475EBC9F8F0A}.Release|Any CPU.Deploy.0 = Release|Any CPU
		{38B4F9A5-8A70-4A5A-BC07-D589112A8870}.Debug|Any CPU.ActiveCfg = Debug|Any CPU
		{38B4F9A5-8A70-4A5A-BC07-D589112A8870}.Debug|Any CPU.Build.0 = Debug|Any CPU
		{38B4F9A5-8A70-4A5A-BC07-D589112A8870}.Release|Any CPU.ActiveCfg = Release|Any CPU
		{38B4F9A5-8A70-4A5A-BC07-D589112A8870}.Release|Any CPU.Build.0 = Release|Any CPU
		{EE04443B-8FF6-4D4D-BB42-4BBA4F7EC949}.Debug|Any CPU.ActiveCfg = Debug|Any CPU
		{EE04443B-8FF6-4D4D-BB42-4BBA4F7EC949}.Debug|Any CPU.Build.0 = Debug|Any CPU
		{EE04443B-8FF6-4D4D-BB42-4BBA4F7EC949}.Release|Any CPU.ActiveCfg = Release|Any CPU
		{EE04443B-8FF6-4D4D-BB42-4BBA4F7EC949}.Release|Any CPU.Build.0 = Release|Any CPU
		{62D59A08-F323-4B1A-8CE9-D1E5675A1D3F}.Debug|Any CPU.ActiveCfg = Debug|Any CPU
		{62D59A08-F323-4B1A-8CE9-D1E5675A1D3F}.Debug|Any CPU.Build.0 = Debug|Any CPU
		{62D59A08-F323-4B1A-8CE9-D1E5675A1D3F}.Release|Any CPU.ActiveCfg = Release|Any CPU
		{62D59A08-F323-4B1A-8CE9-D1E5675A1D3F}.Release|Any CPU.Build.0 = Release|Any CPU
		{05332BCF-C1C5-4203-9642-96709DEEE05B}.Debug|Any CPU.ActiveCfg = Debug|Any CPU
		{05332BCF-C1C5-4203-9642-96709DEEE05B}.Debug|Any CPU.Build.0 = Debug|Any CPU
		{05332BCF-C1C5-4203-9642-96709DEEE05B}.Release|Any CPU.ActiveCfg = Release|Any CPU
		{05332BCF-C1C5-4203-9642-96709DEEE05B}.Release|Any CPU.Build.0 = Release|Any CPU
	EndGlobalSection
	GlobalSection(SolutionProperties) = preSolution
		HideSolutionNode = FALSE
	EndGlobalSection
	GlobalSection(NestedProjects) = preSolution
		{DB73BFFE-F803-477D-A800-475EBC9F8F0A} = {ACB30679-EE85-4C72-AA39-A8C08CD20930}
		{38B4F9A5-8A70-4A5A-BC07-D589112A8870} = {18B0E958-DF57-4B56-AF1B-B113113D964B}
		{EE04443B-8FF6-4D4D-BB42-4BBA4F7EC949} = {4B2A2C8A-21BF-4B68-8A21-B662249E9C41}
		{62D59A08-F323-4B1A-8CE9-D1E5675A1D3F} = {4B2A2C8A-21BF-4B68-8A21-B662249E9C41}
		{05332BCF-C1C5-4203-9642-96709DEEE05B} = {4B2A2C8A-21BF-4B68-8A21-B662249E9C41}
	EndGlobalSection
	GlobalSection(ExtensibilityGlobals) = postSolution
		SolutionGuid = {06CE6177-38EE-4996-A801-FC9DF2801786}
	EndGlobalSection
EndGlobal
